
Microsoft Visual Studio Solution File, Format Version 12.00
# Visual Studio Version 17
VisualStudioVersion = 17.6.33723.286
MinimumVisualStudioVersion = 10.0.40219.1
Project("{9A19103F-16F7-4668-BE54-9A1E7A4F7556}") = "BlazorTodo.Server", "Server\BlazorTodo.Server.csproj", "{4B239656-9578-42DD-94D2-D44388F8838B}"
EndProject
Project("{9A19103F-16F7-4668-BE54-9A1E7A4F7556}") = "BlazorTodo.Client", "Client\BlazorTodo.Client.csproj", "{5D2E2EE7-039B-4019-91F2-25E5A370BBA2}"
EndProject
Project("{9A19103F-16F7-4668-BE54-9A1E7A4F7556}") = "BlazorTodo.Shared", "Shared\BlazorTodo.Shared.csproj", "{9D58A4A2-664A-44AE-8445-62ADDAC6B8EA}"
EndProject
Global
	GlobalSection(SolutionConfigurationPlatforms) = preSolution
		Debug|Any CPU = Debug|Any CPU
		Release|Any CPU = Release|Any CPU
	EndGlobalSection
	GlobalSection(ProjectConfigurationPlatforms) = postSolution
		{4B239656-9578-42DD-94D2-D44388F8838B}.Debug|Any CPU.ActiveCfg = Debug|Any CPU
		{4B239656-9578-42DD-94D2-D44388F8838B}.Debug|Any CPU.Build.0 = Debug|Any CPU
		{4B239656-9578-42DD-94D2-D44388F8838B}.Release|Any CPU.ActiveCfg = Release|Any CPU
		{4B239656-9578-42DD-94D2-D44388F8838B}.Release|Any CPU.Build.0 = Release|Any CPU
		{5D2E2EE7-039B-4019-91F2-25E5A370BBA2}.Debug|Any CPU.ActiveCfg = Debug|Any CPU
		{5D2E2EE7-039B-4019-91F2-25E5A370BBA2}.Debug|Any CPU.Build.0 = Debug|Any CPU
		{5D2E2EE7-039B-4019-91F2-25E5A370BBA2}.Release|Any CPU.ActiveCfg = Release|Any CPU
		{5D2E2EE7-039B-4019-91F2-25E5A370BBA2}.Release|Any CPU.Build.0 = Release|Any CPU
		{9D58A4A2-664A-44AE-8445-62ADDAC6B8EA}.Debug|Any CPU.ActiveCfg = Debug|Any CPU
		{9D58A4A2-664A-44AE-8445-62ADDAC6B8EA}.Debug|Any CPU.Build.0 = Debug|Any CPU
		{9D58A4A2-664A-44AE-8445-62ADDAC6B8EA}.Release|Any CPU.ActiveCfg = Release|Any CPU
		{9D58A4A2-664A-44AE-8445-62ADDAC6B8EA}.Release|Any CPU.Build.0 = Release|Any CPU
	EndGlobalSection
	GlobalSection(SolutionProperties) = preSolution
		HideSolutionNode = FALSE
	EndGlobalSection
	GlobalSection(ExtensibilityGlobals) = postSolution
		SolutionGuid = {6E50A8AC-E2AF-45C8-9329-4CFABEB96ADA}
	EndGlobalSection
EndGlobal
